{
    "_readme": [
        "This file locks the dependencies of your project to a known state",
        "Read more about it at https://getcomposer.org/doc/01-basic-usage.md#installing-dependencies",
        "This file is @generated automatically"
    ],
    "content-hash": "8a2c6e66a1071ca85fae3951c0161cee",
    "packages": [
        {
            "name": "cocur/slugify",
            "version": "v4.0.0",
            "source": {
                "type": "git",
                "url": "https://github.com/cocur/slugify.git",
                "reference": "3f1ffc300f164f23abe8b64ffb3f92d35cec8307"
            },
            "dist": {
                "type": "zip",
                "url": "https://api.github.com/repos/cocur/slugify/zipball/3f1ffc300f164f23abe8b64ffb3f92d35cec8307",
                "reference": "3f1ffc300f164f23abe8b64ffb3f92d35cec8307",
                "shasum": ""
            },
            "require": {
                "ext-mbstring": "*",
                "php": ">=7.0"
            },
            "conflict": {
                "symfony/config": "<3.4 || >=4,<4.3",
                "symfony/dependency-injection": "<3.4 || >=4,<4.3",
                "symfony/http-kernel": "<3.4 || >=4,<4.3",
                "twig/twig": "<2.12.1"
            },
            "require-dev": {
                "laravel/framework": "~5.1",
                "latte/latte": "~2.2",
                "league/container": "^2.2.0",
                "mikey179/vfsstream": "~1.6.8",
                "mockery/mockery": "^1.3",
                "nette/di": "~2.4",
                "phpunit/phpunit": "^5.7.27",
                "pimple/pimple": "~1.1",
                "plumphp/plum": "~0.1",
                "symfony/config": "^3.4 || ^4.3 || ^5.0",
                "symfony/dependency-injection": "^3.4 || ^4.3 || ^5.0",
                "symfony/http-kernel": "^3.4 || ^4.3 || ^5.0",
                "twig/twig": "^2.12.1 || ~3.0",
                "zendframework/zend-modulemanager": "~2.2",
                "zendframework/zend-servicemanager": "~2.2",
                "zendframework/zend-view": "~2.2"
            },
            "type": "library",
            "autoload": {
                "psr-4": {
                    "Cocur\\Slugify\\": "src"
                }
            },
            "notification-url": "https://packagist.org/downloads/",
            "license": [
                "MIT"
            ],
            "authors": [
                {
                    "name": "Florian Eckerstorfer",
                    "email": "florian@eckerstorfer.co",
                    "homepage": "https://florian.ec"
                },
                {
                    "name": "Ivo Bathke",
                    "email": "ivo.bathke@gmail.com"
                }
            ],
            "description": "Converts a string into a slug.",
            "keywords": [
                "slug",
                "slugify"
            ],
            "support": {
                "issues": "https://github.com/cocur/slugify/issues",
                "source": "https://github.com/cocur/slugify/tree/master"
            },
            "time": "2019-12-14T13:04:14+00:00"
        },
        {
            "name": "knplabs/knp-menu",
            "version": "v3.3.0",
            "source": {
                "type": "git",
                "url": "https://github.com/KnpLabs/KnpMenu.git",
                "reference": "8bd3dc2afa22c65617c563c5e25e62d6e23e98c7"
            },
            "dist": {
                "type": "zip",
                "url": "https://api.github.com/repos/KnpLabs/KnpMenu/zipball/8bd3dc2afa22c65617c563c5e25e62d6e23e98c7",
                "reference": "8bd3dc2afa22c65617c563c5e25e62d6e23e98c7",
                "shasum": ""
            },
            "require": {
                "php": "^7.3 || ^8.0"
            },
            "conflict": {
                "twig/twig": "<1.40 || >=2,<2.9"
            },
            "require-dev": {
                "phpunit/phpunit": "^9.5",
                "psr/container": "^1.0",
                "symfony/http-foundation": "^4.4 || ^5.0 || ^6.0",
                "symfony/phpunit-bridge": "^5.3",
                "symfony/routing": "^4.4 || ^5.0 || ^6.0",
                "twig/twig": "^1.40 || ^2.9 || ^3.0"
            },
            "suggest": {
                "twig/twig": "for the TwigRenderer and the integration with your templates"
            },
            "type": "library",
            "extra": {
                "branch-alias": {
                    "dev-master": "3.3-dev"
                }
            },
            "autoload": {
                "psr-4": {
                    "Knp\\Menu\\": "src/Knp/Menu"
                }
            },
            "notification-url": "https://packagist.org/downloads/",
            "license": [
                "MIT"
            ],
            "authors": [
                {
                    "name": "KnpLabs",
                    "homepage": "https://knplabs.com"
                },
                {
                    "name": "Christophe Coevoet",
                    "email": "stof@notk.org"
                },
                {
                    "name": "The Community",
                    "homepage": "https://github.com/KnpLabs/KnpMenu/contributors"
                }
            ],
            "description": "An object oriented menu library",
            "homepage": "https://knplabs.com",
            "keywords": [
                "menu",
                "tree"
            ],
            "support": {
                "issues": "https://github.com/KnpLabs/KnpMenu/issues",
                "source": "https://github.com/KnpLabs/KnpMenu/tree/v3.3.0"
            },
            "time": "2021-10-23T15:01:04+00:00"
        }
    ],
    "packages-dev": [],
    "aliases": [],
    "minimum-stability": "stable",
    "stability-flags": [],
    "prefer-stable": false,
    "prefer-lowest": false,
    "platform": {
        "php": ">=7.3.6"
    },
    "platform-dev": [],
    "platform-overrides": {
        "php": "7.3.6"
    },
    "plugin-api-version": "2.1.0"
}
